PODS:
  - AFNetworking/NSURLConnection (2.6.3):
    - AFNetworking/Reachability
    - AFNetworking/Security
    - AFNetworking/Serialization
  - AFNetworking/Reachability (2.6.3)
  - AFNetworking/Security (2.6.3)
  - AFNetworking/Serialization (2.6.3)
  - JSONModel (1.7.0)
  - RFAPI (1.1.0):
    - AFNetworking/NSURLConnection (~> 2.0)
    - JSONModel
    - RFInitializing (~> 1.1)
    - RFKit/Category/NSDictionary
    - RFKit/Category/NSFileManager
    - RFKit/Runtime (> 1.7)
    - RFMessageManager/Manager (>= 0.3)
    - RFMessageManager/RFNetworkActivityIndicatorMessage
  - RFInitializing (1.1.0)
  - RFKit/Category/NSArray (1.7.1):
    - RFKit/Foundation
  - RFKit/Category/NSDictionary (1.7.1):
    - RFKit/Category/NSObject
    - RFKit/Foundation
  - RFKit/Category/NSFileManager (1.7.1):
    - RFKit/Foundation
    - RFKit/Runtime
  - RFKit/Category/NSObject (1.7.1):
    - RFKit/Foundation
    - RFKit/Runtime
  - RFKit/Foundation (1.7.1)
  - RFKit/Runtime (1.7.1):
    - RFKit/Foundation
  - RFMessageManager/Manager (0.3.0):
    - RFInitializing
    - RFKit/Category/NSArray
  - RFMessageManager/RFNetworkActivityIndicatorMessage (0.3.0):
    - RFMessageManager/Manager
  - RFMessageManager/SVProgressHUD (0.3.0):
    - RFMessageManager/Manager
    - RFMessageManager/RFNetworkActivityIndicatorMessage
    - SVProgressHUD
  - SVProgressHUD (2.2.5)

DEPENDENCIES:
  - RFAPI (from `.`)
  - RFMessageManager/SVProgressHUD (from `https://github.com/RFUI/RFMessageManager.git`)

EXTERNAL SOURCES:
  RFAPI:
    :path: .
  RFMessageManager:
    :git: https://github.com/RFUI/RFMessageManager.git

CHECKOUT OPTIONS:
  RFMessageManager:
    :commit: 25b5c46e41739b1ac6c39606e8fc92fa7e40bf8d
    :git: https://github.com/RFUI/RFMessageManager.git

SPEC CHECKSUMS:
  AFNetworking: cb8d14a848e831097108418f5d49217339d4eb60
  JSONModel: 840bc0fcffb24b8454d2c026bf26fea454b8e98d
  RFAPI: 8889500344f841609ce2e0c589b3977c88b1dfd5
  RFInitializing: 1ea7f66b2bf97a401a31482c4e2c2c19cdc9d89c
  RFKit: 3c5f2a181777dfeb57b0ea1a004a8ce02d7445ee
  RFMessageManager: 57ab3a100f9e09ef18413b9f535b46259a224ddb
  SVProgressHUD: 1428aafac632c1f86f62aa4243ec12008d7a51d6

PODFILE CHECKSUM: 9f6c4a2ad5d0fc0713d5a2c65d7f47cd14d7c8b7

COCOAPODS: 1.4.0
